
Microsoft Visual Studio Solution File, Format Version 12.00
# Visual Studio Version 16
VisualStudioVersion = 16.0.29709.97
MinimumVisualStudioVersion = 10.0.40219.1
Project("{FAE04EC0-301F-11D3-BF4B-00C04F79EFBC}") = "PSI_GUI", "PSI_GUI\PSI_GUI.csproj", "{AFE24B5A-341F-43C8-ABB6-A9DF5A6E5AC3}"
EndProject
Global
	GlobalSection(SolutionConfigurationPlatforms) = preSolution
		Debug|Any CPU = Debug|Any CPU
		Release|Any CPU = Release|Any CPU
	EndGlobalSection
	GlobalSection(ProjectConfigurationPlatforms) = postSolution
		{AFE24B5A-341F-43C8-ABB6-A9DF5A6E5AC3}.Debug|Any CPU.ActiveCfg = Debug|Any CPU
		{AFE24B5A-341F-43C8-ABB6-A9DF5A6E5AC3}.Debug|Any CPU.Build.0 = Debug|Any CPU
		{AFE24B5A-341F-43C8-ABB6-A9DF5A6E5AC3}.Release|Any CPU.ActiveCfg = Release|Any CPU
		{AFE24B5A-341F-43C8-ABB6-A9DF5A6E5AC3}.Release|Any CPU.Build.0 = Release|Any CPU
	EndGlobalSection
	GlobalSection(SolutionProperties) = preSolution
		HideSolutionNode = FALSE
	EndGlobalSection
	GlobalSection(ExtensibilityGlobals) = postSolution
		SolutionGuid = {778E8A3C-DC26-4981-9F64-73AD4FACE8D2}
	EndGlobalSection
EndGlobal
